// !$*UTF8*$!
{
	archiveVersion = 1;
	classes = {
	};
	objectVersion = 56;
	objects = {

/* Begin PBXBuildFile section */
		B126A9E52B71C25700631F07 /* HomeView.swift in Sources */ = {isa = PBXBuildFile; fileRef = B126A9E42B71C25700631F07 /* HomeView.swift */; };
		B16B64752B69CFBF002C5D92 /* OpenAISwift in Frameworks */ = {isa = PBXBuildFile; productRef = B16B64742B69CFBF002C5D92 /* OpenAISwift */; };
		B16B64782B6A26B5002C5D92 /* SwiftOpenAI in Frameworks */ = {isa = PBXBuildFile; productRef = B16B64772B6A26B5002C5D92 /* SwiftOpenAI */; };
		B19CC10B2B699DC90090E377 /* conversaiApp.swift in Sources */ = {isa = PBXBuildFile; fileRef = B19CC10A2B699DC90090E377 /* conversaiApp.swift */; };
		B19CC10D2B699DC90090E377 /* ContentView.swift in Sources */ = {isa = PBXBuildFile; fileRef = B19CC10C2B699DC90090E377 /* ContentView.swift */; };
		B19CC10F2B699DCD0090E377 /* Assets.xcassets in Resources */ = {isa = PBXBuildFile; fileRef = B19CC10E2B699DCD0090E377 /* Assets.xcassets */; };
		B19CC1122B699DCD0090E377 /* Preview Assets.xcassets in Resources */ = {isa = PBXBuildFile; fileRef = B19CC1112B699DCD0090E377 /* Preview Assets.xcassets */; };
		B1B0DBD52B817C380055A901 /* WordFrequencyView.swift in Sources */ = {isa = PBXBuildFile; fileRef = B1B0DBD42B817C380055A901 /* WordFrequencyView.swift */; };
/* End PBXBuildFile section */

/* Begin PBXFileReference section */
		B126A9E42B71C25700631F07 /* HomeView.swift */ = {isa = PBXFileReference; lastKnownFileType = sourcecode.swift; path = HomeView.swift; sourceTree = "<group>"; };
		B16B64722B69C62B002C5D92 /* Info.plist */ = {isa = PBXFileReference; lastKnownFileType = text.plist; path = Info.plist; sourceTree = "<group>"; };
		B19CC1072B699DC90090E377 /* conversai.app */ = {isa = PBXFileReference; explicitFileType = wrapper.application; includeInIndex = 0; path = conversai.app; sourceTree = BUILT_PRODUCTS_DIR; };
		B19CC10A2B699DC90090E377 /* conversaiApp.swift */ = {isa = PBXFileReference; lastKnownFileType = sourcecode.swift; path = conversaiApp.swift; sourceTree = "<group>"; };
		B19CC10C2B699DC90090E377 /* ContentView.swift */ = {isa = PBXFileReference; lastKnownFileType = sourcecode.swift; path = ContentView.swift; sourceTree = "<group>"; };
		B19CC10E2B699DCD0090E377 /* Assets.xcassets */ = {isa = PBXFileReference; lastKnownFileType = folder.assetcatalog; path = Assets.xcassets; sourceTree = "<group>"; };
		B19CC1112B699DCD0090E377 /* Preview Assets.xcassets */ = {isa = PBXFileReference; lastKnownFileType = folder.assetcatalog; path = "Preview Assets.xcassets"; sourceTree = "<group>"; };
		B1B0DBD42B817C380055A901 /* WordFrequencyView.swift */ = {isa = PBXFileReference; lastKnownFileType = sourcecode.swift; path = WordFrequencyView.swift; sourceTree = "<group>"; };
/* End PBXFileReference section */

/* Begin PBXFrameworksBuildPhase section */
		B19CC1042B699DC80090E377 /* Frameworks */ = {
			isa = PBXFrameworksBuildPhase;
			buildActionMask = 2147483647;
			files = (
				B16B64782B6A26B5002C5D92 /* SwiftOpenAI in Frameworks */,
				B16B64752B69CFBF002C5D92 /* OpenAISwift in Frameworks */,
			);
			runOnlyForDeploymentPostprocessing = 0;
		};
/* End PBXFrameworksBuildPhase section */

/* Begin PBXGroup section */
		B19CC0FE2B699DC80090E377 = {
			isa = PBXGroup;
			children = (
				B19CC1092B699DC90090E377 /* conversai */,
				B19CC1082B699DC90090E377 /* Products */,
			);
			sourceTree = "<group>";
		};
		B19CC1082B699DC90090E377 /* Products */ = {
			isa = PBXGroup;
			children = (
				B19CC1072B699DC90090E377 /* conversai.app */,
			);
			name = Products;
			sourceTree = "<group>";
		};
		B19CC1092B699DC90090E377 /* conversai */ = {
			isa = PBXGroup;
			children = (
				B16B64722B69C62B002C5D92 /* Info.plist */,
				B19CC10A2B699DC90090E377 /* conversaiApp.swift */,
				B19CC10C2B699DC90090E377 /* ContentView.swift */,
				B19CC10E2B699DCD0090E377 /* Assets.xcassets */,
				B19CC1102B699DCD0090E377 /* Preview Content */,
				B126A9E42B71C25700631F07 /* HomeView.swift */,
				B1B0DBD42B817C380055A901 /* WordFrequencyView.swift */,
			);
			path = conversai;
			sourceTree = "<group>";
		};
		B19CC1102B699DCD0090E377 /* Preview Content */ = {
			isa = PBXGroup;
			children = (
				B19CC1112B699DCD0090E377 /* Preview Assets.xcassets */,
			);
			path = "Preview Content";
			sourceTree = "<group>";
		};
/* End PBXGroup section */

/* Begin PBXNativeTarget section */
		B19CC1062B699DC80090E377 /* conversai */ = {
			isa = PBXNativeTarget;
			buildConfigurationList = B19CC1152B699DCD0090E377 /* Build configuration list for PBXNativeTarget "conversai" */;
			buildPhases = (
				B19CC1032B699DC80090E377 /* Sources */,
				B19CC1042B699DC80090E377 /* Frameworks */,
				B19CC1052B699DC80090E377 /* Resources */,
			);
			buildRules = (
			);
			dependencies = (
			);
			name = conversai;
			packageProductDependencies = (
				B16B64742B69CFBF002C5D92 /* OpenAISwift */,
				B16B64772B6A26B5002C5D92 /* SwiftOpenAI */,
			);
			productName = conversai;
			productReference = B19CC1072B699DC90090E377 /* conversai.app */;
			productType = "com.apple.product-type.application";
		};
/* End PBXNativeTarget section */

/* Begin PBXProject section */
		B19CC0FF2B699DC80090E377 /* Project object */ = {
			isa = PBXProject;
			attributes = {
				BuildIndependentTargetsInParallel = 1;
				LastSwiftUpdateCheck = 1520;
				LastUpgradeCheck = 1520;
				TargetAttributes = {
					B19CC1062B699DC80090E377 = {
						CreatedOnToolsVersion = 15.2;
					};
				};
			};
			buildConfigurationList = B19CC1022B699DC80090E377 /* Build configuration list for PBXProject "conversai" */;
			compatibilityVersion = "Xcode 14.0";
			developmentRegion = en;
			hasScannedForEncodings = 0;
			knownRegions = (
				en,
				Base,
			);
			mainGroup = B19CC0FE2B699DC80090E377;
			packageReferences = (
				B16B64732B69CFBF002C5D92 /* XCRemoteSwiftPackageReference "OpenAISwift" */,
				B16B64762B6A26B5002C5D92 /* XCRemoteSwiftPackageReference "SwiftOpenAI" */,
				B1DBEF5F2B87E97E00AB34E5 /* XCRemoteSwiftPackageReference "firebase-ios-sdk" */,
			);
			productRefGroup = B19CC1082B699DC90090E377 /* Products */;
			projectDirPath = "";
			projectRoot = "";
			targets = (
				B19CC1062B699DC80090E377 /* conversai */,
			);
		};
/* End PBXProject section */

/* Begin PBXResourcesBuildPhase section */
		B19CC1052B699DC80090E377 /* Resources */ = {
			isa = PBXResourcesBuildPhase;
			buildActionMask = 2147483647;
			files = (
				B19CC1122B699DCD0090E377 /* Preview Assets.xcassets in Resources */,
				B19CC10F2B699DCD0090E377 /* Assets.xcassets in Resources */,
			);
			runOnlyForDeploymentPostprocessing = 0;
		};
/* End PBXResourcesBuildPhase section */

/* Begin PBXSourcesBuildPhase section */
		B19CC1032B699DC80090E377 /* Sources */ = {
			isa = PBXSourcesBuildPhase;
			buildActionMask = 2147483647;
			files = (
				B126A9E52B71C25700631F07 /* HomeView.swift in Sources */,
				B19CC10D2B699DC90090E377 /* ContentView.swift in Sources */,
				B19CC10B2B699DC90090E377 /* conversaiApp.swift in Sources */,
				B1B0DBD52B817C380055A901 /* WordFrequencyView.swift in Sources */,
			);
			runOnlyForDeploymentPostprocessing = 0;
		};
/* End PBXSourcesBuildPhase section */

/* Begin XCBuildConfiguration section */
		B19CC1132B699DCD0090E377 /* Debug */ = {
			isa = XCBuildConfiguration;
			buildSettings = {
				ALWAYS_SEARCH_USER_PATHS = NO;
				ASSETCATALOG_COMPILER_GENERATE_SWIFT_ASSET_SYMBOL_EXTENSIONS = YES;
				CLANG_ANALYZER_NONNULL = YES;
				CLANG_ANALYZER_NUMBER_OBJECT_CONVERSION = YES_AGGRESSIVE;
				CLANG_CXX_LANGUAGE_STANDARD = "gnu++20";
				CLANG_ENABLE_MODULES = YES;
				CLANG_ENABLE_OBJC_ARC = YES;
				CLANG_ENABLE_OBJC_WEAK = YES;
				CLANG_WARN_BLOCK_CAPTURE_AUTORELEASING = YES;
				CLANG_WARN_BOOL_CONVERSION = YES;
				CLANG_WARN_COMMA = YES;
				CLANG_WARN_CONSTANT_CONVERSION = YES;
				CLANG_WARN_DEPRECATED_OBJC_IMPLEMENTATIONS = YES;
				CLANG_WARN_DIRECT_OBJC_ISA_USAGE = YES_ERROR;
				CLANG_WARN_DOCUMENTATION_COMMENTS = YES;
				CLANG_WARN_EMPTY_BODY = YES;
				CLANG_WARN_ENUM_CONVERSION = YES;
				CLANG_WARN_INFINITE_RECURSION = YES;
				CLANG_WARN_INT_CONVERSION = YES;
				CLANG_WARN_NON_LITERAL_NULL_CONVERSION = YES;
				CLANG_WARN_OBJC_IMPLICIT_RETAIN_SELF = YES;
				CLANG_WARN_OBJC_LITERAL_CONVERSION = YES;
				CLANG_WARN_OBJC_ROOT_CLASS = YES_ERROR;
				CLANG_WARN_QUOTED_INCLUDE_IN_FRAMEWORK_HEADER = YES;
				CLANG_WARN_RANGE_LOOP_ANALYSIS = YES;
				CLANG_WARN_STRICT_PROTOTYPES = YES;
				CLANG_WARN_SUSPICIOUS_MOVE = YES;
				CLANG_WARN_UNGUARDED_AVAILABILITY = YES_AGGRESSIVE;
				CLANG_WARN_UNREACHABLE_CODE = YES;
				CLANG_WARN__DUPLICATE_METHOD_MATCH = YES;
				COPY_PHASE_STRIP = NO;
				DEBUG_INFORMATION_FORMAT = dwarf;
				ENABLE_STRICT_OBJC_MSGSEND = YES;
				ENABLE_TESTABILITY = YES;
				ENABLE_USER_SCRIPT_SANDBOXING = YES;
				GCC_C_LANGUAGE_STANDARD = gnu17;
				GCC_DYNAMIC_NO_PIC = NO;
				GCC_NO_COMMON_BLOCKS = YES;
				GCC_OPTIMIZATION_LEVEL = 0;
				GCC_PREPROCESSOR_DEFINITIONS = (
					"DEBUG=1",
					"$(inherited)",
				);
				GCC_WARN_64_TO_32_BIT_CONVERSION = YES;
				GCC_WARN_ABOUT_RETURN_TYPE = YES_ERROR;
				GCC_WARN_UNDECLARED_SELECTOR = YES;
				GCC_WARN_UNINITIALIZED_AUTOS = YES_AGGRESSIVE;
				GCC_WARN_UNUSED_FUNCTION = YES;
				GCC_WARN_UNUSED_VARIABLE = YES;
				IPHONEOS_DEPLOYMENT_TARGET = 17.2;
				LOCALIZATION_PREFERS_STRING_CATALOGS = YES;
				MTL_ENABLE_DEBUG_INFO = INCLUDE_SOURCE;
				MTL_FAST_MATH = YES;
				NEW_SETTING = "";
				ONLY_ACTIVE_ARCH = YES;
				SDKROOT = iphoneos;
				SWIFT_ACTIVE_COMPILATION_CONDITIONS = "DEBUG $(inherited)";
				SWIFT_OPTIMIZATION_LEVEL = "-Onone";
			};
			name = Debug;
		};
		B19CC1142B699DCD0090E377 /* Release */ = {
			isa = XCBuildConfiguration;
			buildSettings = {
				ALWAYS_SEARCH_USER_PATHS = NO;
				ASSETCATALOG_COMPILER_GENERATE_SWIFT_ASSET_SYMBOL_EXTENSIONS = YES;
				CLANG_ANALYZER_NONNULL = YES;
				CLANG_ANALYZER_NUMBER_OBJECT_CONVERSION = YES_AGGRESSIVE;
				CLANG_CXX_LANGUAGE_STANDARD = "gnu++20";
				CLANG_ENABLE_MODULES = YES;
				CLANG_ENABLE_OBJC_ARC = YES;
				CLANG_ENABLE_OBJC_WEAK = YES;
				CLANG_WARN_BLOCK_CAPTURE_AUTORELEASING = YES;
				CLANG_WARN_BOOL_CONVERSION = YES;
				CLANG_WARN_COMMA = YES;
				CLANG_WARN_CONSTANT_CONVERSION = YES;
				CLANG_WARN_DEPRECATED_OBJC_IMPLEMENTATIONS = YES;
				CLANG_WARN_DIRECT_OBJC_ISA_USAGE = YES_ERROR;
				CLANG_WARN_DOCUMENTATION_COMMENTS = YES;
				CLANG_WARN_EMPTY_BODY = YES;
				CLANG_WARN_ENUM_CONVERSION = YES;
				CLANG_WARN_INFINITE_RECURSION = YES;
				CLANG_WARN_INT_CONVERSION = YES;
				CLANG_WARN_NON_LITERAL_NULL_CONVERSION = YES;
				CLANG_WARN_OBJC_IMPLICIT_RETAIN_SELF = YES;
				CLANG_WARN_OBJC_LITERAL_CONVERSION = YES;
				CLANG_WARN_OBJC_ROOT_CLASS = YES_ERROR;
				CLANG_WARN_QUOTED_INCLUDE_IN_FRAMEWORK_HEADER = YES;
				CLANG_WARN_RANGE_LOOP_ANALYSIS = YES;
				CLANG_WARN_STRICT_PROTOTYPES = YES;
				CLANG_WARN_SUSPICIOUS_MOVE = YES;
				CLANG_WARN_UNGUARDED_AVAILABILITY = YES_AGGRESSIVE;
				CLANG_WARN_UNREACHABLE_CODE = YES;
				CLANG_WARN__DUPLICATE_METHOD_MATCH = YES;
				COPY_PHASE_STRIP = NO;
				DEBUG_INFORMATION_FORMAT = "dwarf-with-dsym";
				ENABLE_NS_ASSERTIONS = NO;
				ENABLE_STRICT_OBJC_MSGSEND = YES;
				ENABLE_USER_SCRIPT_SANDBOXING = YES;
				GCC_C_LANGUAGE_STANDARD = gnu17;
				GCC_NO_COMMON_BLOCKS = YES;
				GCC_WARN_64_TO_32_BIT_CONVERSION = YES;
				GCC_WARN_ABOUT_RETURN_TYPE = YES_ERROR;
				GCC_WARN_UNDECLARED_SELECTOR = YES;
				GCC_WARN_UNINITIALIZED_AUTOS = YES_AGGRESSIVE;
				GCC_WARN_UNUSED_FUNCTION = YES;
				GCC_WARN_UNUSED_VARIABLE = YES;
				IPHONEOS_DEPLOYMENT_TARGET = 17.2;
				LOCALIZATION_PREFERS_STRING_CATALOGS = YES;
				MTL_ENABLE_DEBUG_INFO = NO;
				MTL_FAST_MATH = YES;
				NEW_SETTING = "";
				SDKROOT = iphoneos;
				SWIFT_COMPILATION_MODE = wholemodule;
				VALIDATE_PRODUCT = YES;
			};
			name = Release;
		};
		B19CC1162B699DCD0090E377 /* Debug */ = {
			isa = XCBuildConfiguration;
			buildSettings = {
				ASSETCATALOG_COMPILER_APPICON_NAME = AppIcon;
				ASSETCATALOG_COMPILER_GLOBAL_ACCENT_COLOR_NAME = AccentColor;
				ASSETCATALOG_COMPILER_INCLUDE_ALL_APPICON_ASSETS = NO;
				CODE_SIGN_STYLE = Automatic;
				CURRENT_PROJECT_VERSION = 1;
				DEVELOPMENT_ASSET_PATHS = "\"conversai/Preview Content\"";
				DEVELOPMENT_TEAM = 8MEZV3E6JC;
				ENABLE_PREVIEWS = YES;
				GENERATE_INFOPLIST_FILE = YES;
				INFOPLIST_FILE = conversai/Info.plist;
				INFOPLIST_KEY_CFBundleDisplayName = Speaktree;
				INFOPLIST_KEY_LSApplicationCategoryType = "public.app-category.productivity";
				INFOPLIST_KEY_NSFaceIDUsageDescription = "This app uses FaceID to secure access to your account.";
				INFOPLIST_KEY_NSMicrophoneUsageDescription = "Need mictophone for my cool speech to text app";
				INFOPLIST_KEY_NSSpeechRecognitionUsageDescription = "Cool speech to text app I'm making for fun.";
				INFOPLIST_KEY_UIApplicationSceneManifest_Generation = YES;
				INFOPLIST_KEY_UIApplicationSupportsIndirectInputEvents = YES;
				INFOPLIST_KEY_UILaunchScreen_Generation = YES;
				INFOPLIST_KEY_UISupportedInterfaceOrientations_iPad = "UIInterfaceOrientationPortrait UIInterfaceOrientationPortraitUpsideDown UIInterfaceOrientationLandscapeLeft UIInterfaceOrientationLandscapeRight";
				INFOPLIST_KEY_UISupportedInterfaceOrientations_iPhone = "UIInterfaceOrientationPortrait UIInterfaceOrientationLandscapeLeft UIInterfaceOrientationLandscapeRight";
				LD_RUNPATH_SEARCH_PATHS = (
					"$(inherited)",
					"@executable_path/Frameworks",
				);
				MARKETING_VERSION = 1.0;
				PRODUCT_BUNDLE_IDENTIFIER = com.vijay.conversai;
				PRODUCT_NAME = "$(TARGET_NAME)";
				SUPPORTED_PLATFORMS = "iphoneos iphonesimulator";
				SUPPORTS_MACCATALYST = NO;
				SUPPORTS_MAC_DESIGNED_FOR_IPHONE_IPAD = NO;
				SWIFT_EMIT_LOC_STRINGS = YES;
				SWIFT_VERSION = 5.0;
				TARGETED_DEVICE_FAMILY = 1;
			};
			name = Debug;
		};
		B19CC1172B699DCD0090E377 /* Release */ = {
			isa = XCBuildConfiguration;
			buildSettings = {
				ASSETCATALOG_COMPILER_APPICON_NAME = AppIcon;
				ASSETCATALOG_COMPILER_GLOBAL_ACCENT_COLOR_NAME = AccentColor;
				ASSETCATALOG_COMPILER_INCLUDE_ALL_APPICON_ASSETS = NO;
				CODE_SIGN_STYLE = Automatic;
				CURRENT_PROJECT_VERSION = 1;
				DEVELOPMENT_ASSET_PATHS = "\"conversai/Preview Content\"";
				DEVELOPMENT_TEAM = 8MEZV3E6JC;
				ENABLE_PREVIEWS = YES;
				GENERATE_INFOPLIST_FILE = YES;
				INFOPLIST_FILE = conversai/Info.plist;
				INFOPLIST_KEY_CFBundleDisplayName = Speaktree;
				INFOPLIST_KEY_LSApplicationCategoryType = "public.app-category.productivity";
				INFOPLIST_KEY_NSFaceIDUsageDescription = "This app uses FaceID to secure access to your account.";
				INFOPLIST_KEY_NSMicrophoneUsageDescription = "Need mictophone for my cool speech to text app";
				INFOPLIST_KEY_NSSpeechRecognitionUsageDescription = "Cool speech to text app I'm making for fun.";
				INFOPLIST_KEY_UIApplicationSceneManifest_Generation = YES;
				INFOPLIST_KEY_UIApplicationSupportsIndirectInputEvents = YES;
				INFOPLIST_KEY_UILaunchScreen_Generation = YES;
				INFOPLIST_KEY_UISupportedInterfaceOrientations_iPad = "UIInterfaceOrientationPortrait UIInterfaceOrientationPortraitUpsideDown UIInterfaceOrientationLandscapeLeft UIInterfaceOrientationLandscapeRight";
				INFOPLIST_KEY_UISupportedInterfaceOrientations_iPhone = "UIInterfaceOrientationPortrait UIInterfaceOrientationLandscapeLeft UIInterfaceOrientationLandscapeRight";
				LD_RUNPATH_SEARCH_PATHS = (
					"$(inherited)",
					"@executable_path/Frameworks",
				);
				MARKETING_VERSION = 1.0;
				PRODUCT_BUNDLE_IDENTIFIER = com.vijay.conversai;
				PRODUCT_NAME = "$(TARGET_NAME)";
				SUPPORTED_PLATFORMS = "iphoneos iphonesimulator";
				SUPPORTS_MACCATALYST = NO;
				SUPPORTS_MAC_DESIGNED_FOR_IPHONE_IPAD = NO;
				SWIFT_EMIT_LOC_STRINGS = YES;
				SWIFT_VERSION = 5.0;
				TARGETED_DEVICE_FAMILY = 1;
			};
			name = Release;
		};
/* End XCBuildConfiguration section */

/* Begin XCConfigurationList section */
		B19CC1022B699DC80090E377 /* Build configuration list for PBXProject "conversai" */ = {
			isa = XCConfigurationList;
			buildConfigurations = (
				B19CC1132B699DCD0090E377 /* Debug */,
				B19CC1142B699DCD0090E377 /* Release */,
			);
			defaultConfigurationIsVisible = 0;
			defaultConfigurationName = Release;
		};
		B19CC1152B699DCD0090E377 /* Build configuration list for PBXNativeTarget "conversai" */ = {
			isa = XCConfigurationList;
			buildConfigurations = (
				B19CC1162B699DCD0090E377 /* Debug */,
				B19CC1172B699DCD0090E377 /* Release */,
			);
			defaultConfigurationIsVisible = 0;
			defaultConfigurationName = Release;
		};
/* End XCConfigurationList section */

/* Begin XCRemoteSwiftPackageReference section */
		B16B64732B69CFBF002C5D92 /* XCRemoteSwiftPackageReference "OpenAISwift" */ = {
			isa = XCRemoteSwiftPackageReference;
			repositoryURL = "https://github.com/adamrushy/OpenAISwift.git";
			requirement = {
				kind = upToNextMajorVersion;
				minimumVersion = 1.4.1;
			};
		};
		B16B64762B6A26B5002C5D92 /* XCRemoteSwiftPackageReference "SwiftOpenAI" */ = {
			isa = XCRemoteSwiftPackageReference;
			repositoryURL = "https://github.com/SwiftBeta/SwiftOpenAI.git";
			requirement = {
				kind = upToNextMajorVersion;
				minimumVersion = 1.3.0;
			};
		};
		B1DBEF5F2B87E97E00AB34E5 /* XCRemoteSwiftPackageReference "firebase-ios-sdk" */ = {
			isa = XCRemoteSwiftPackageReference;
			repositoryURL = "https://github.com/firebase/firebase-ios-sdk";
			requirement = {
				kind = upToNextMajorVersion;
				minimumVersion = 10.21.0;
			};
		};
/* End XCRemoteSwiftPackageReference section */

/* Begin XCSwiftPackageProductDependency section */
		B16B64742B69CFBF002C5D92 /* OpenAISwift */ = {
			isa = XCSwiftPackageProductDependency;
			package = B16B64732B69CFBF002C5D92 /* XCRemoteSwiftPackageReference "OpenAISwift" */;
			productName = OpenAISwift;
		};
		B16B64772B6A26B5002C5D92 /* SwiftOpenAI */ = {
			isa = XCSwiftPackageProductDependency;
			package = B16B64762B6A26B5002C5D92 /* XCRemoteSwiftPackageReference "SwiftOpenAI" */;
			productName = SwiftOpenAI;
		};
/* End XCSwiftPackageProductDependency section */
	};
	rootObject = B19CC0FF2B699DC80090E377 /* Project object */;
}
